// !$*UTF8*$!
{
	archiveVersion = 1;
	classes = {
	};
	objectVersion = 55;
	objects = {

/* Begin PBXBuildFile section */
		2743513728884474000057CF /* AppDelegate.swift in Sources */ = {isa = PBXBuildFile; fileRef = 2743513628884474000057CF /* AppDelegate.swift */; };
		2743513928884474000057CF /* SceneDelegate.swift in Sources */ = {isa = PBXBuildFile; fileRef = 2743513828884474000057CF /* SceneDelegate.swift */; };
		2743513B28884474000057CF /* ViewController.swift in Sources */ = {isa = PBXBuildFile; fileRef = 2743513A28884474000057CF /* ViewController.swift */; };
		2743513E28884474000057CF /* Main.storyboard in Resources */ = {isa = PBXBuildFile; fileRef = 2743513C28884474000057CF /* Main.storyboard */; };
		2743514128884474000057CF /* gethub.xcdatamodeld in Sources */ = {isa = PBXBuildFile; fileRef = 2743513F28884474000057CF /* gethub.xcdatamodeld */; };
		2743514328884477000057CF /* Assets.xcassets in Resources */ = {isa = PBXBuildFile; fileRef = 2743514228884477000057CF /* Assets.xcassets */; };
		2743514628884477000057CF /* LaunchScreen.storyboard in Resources */ = {isa = PBXBuildFile; fileRef = 2743514428884477000057CF /* LaunchScreen.storyboard */; };
		2743515128884477000057CF /* gethubTests.swift in Sources */ = {isa = PBXBuildFile; fileRef = 2743515028884477000057CF /* gethubTests.swift */; };
		2743515B28884477000057CF /* gethubUITests.swift in Sources */ = {isa = PBXBuildFile; fileRef = 2743515A28884477000057CF /* gethubUITests.swift */; };
		2743515D28884477000057CF /* gethubUITestsLaunchTests.swift in Sources */ = {isa = PBXBuildFile; fileRef = 2743515C28884477000057CF /* gethubUITestsLaunchTests.swift */; };
/* End PBXBuildFile section */

/* Begin PBXContainerItemProxy section */
		2743514D28884477000057CF /* PBXContainerItemProxy */ = {
			isa = PBXContainerItemProxy;
			containerPortal = 2743512B28884474000057CF /* Project object */;
			proxyType = 1;
			remoteGlobalIDString = 2743513228884474000057CF;
			remoteInfo = gethub;
		};
		2743515728884477000057CF /* PBXContainerItemProxy */ = {
			isa = PBXContainerItemProxy;
			containerPortal = 2743512B28884474000057CF /* Project object */;
			proxyType = 1;
			remoteGlobalIDString = 2743513228884474000057CF;
			remoteInfo = gethub;
		};
/* End PBXContainerItemProxy section */

/* Begin PBXFileReference section */
		2743513328884474000057CF /* gethub.app */ = {isa = PBXFileReference; explicitFileType = wrapper.application; includeInIndex = 0; path = gethub.app; sourceTree = BUILT_PRODUCTS_DIR; };
		2743513628884474000057CF /* AppDelegate.swift */ = {isa = PBXFileReference; lastKnownFileType = sourcecode.swift; path = AppDelegate.swift; sourceTree = "<group>"; };
		2743513828884474000057CF /* SceneDelegate.swift */ = {isa = PBXFileReference; lastKnownFileType = sourcecode.swift; path = SceneDelegate.swift; sourceTree = "<group>"; };
		2743513A28884474000057CF /* ViewController.swift */ = {isa = PBXFileReference; lastKnownFileType = sourcecode.swift; path = ViewController.swift; sourceTree = "<group>"; };
		2743513D28884474000057CF /* Base */ = {isa = PBXFileReference; lastKnownFileType = file.storyboard; name = Base; path = Base.lproj/Main.storyboard; sourceTree = "<group>"; };
		2743514028884474000057CF /* gethub.xcdatamodel */ = {isa = PBXFileReference; lastKnownFileType = wrapper.xcdatamodel; path = gethub.xcdatamodel; sourceTree = "<group>"; };
		2743514228884477000057CF /* Assets.xcassets */ = {isa = PBXFileReference; lastKnownFileType = folder.assetcatalog; path = Assets.xcassets; sourceTree = "<group>"; };
		2743514528884477000057CF /* Base */ = {isa = PBXFileReference; lastKnownFileType = file.storyboard; name = Base; path = Base.lproj/LaunchScreen.storyboard; sourceTree = "<group>"; };
		2743514728884477000057CF /* Info.plist */ = {isa = PBXFileReference; lastKnownFileType = text.plist.xml; path = Info.plist; sourceTree = "<group>"; };
		2743514C28884477000057CF /* gethubTests.xctest */ = {isa = PBXFileReference; explicitFileType = wrapper.cfbundle; includeInIndex = 0; path = gethubTests.xctest; sourceTree = BUILT_PRODUCTS_DIR; };
		2743515028884477000057CF /* gethubTests.swift */ = {isa = PBXFileReference; lastKnownFileType = sourcecode.swift; path = gethubTests.swift; sourceTree = "<group>"; };
		2743515628884477000057CF /* gethubUITests.xctest */ = {isa = PBXFileReference; explicitFileType = wrapper.cfbundle; includeInIndex = 0; path = gethubUITests.xctest; sourceTree = BUILT_PRODUCTS_DIR; };
		2743515A28884477000057CF /* gethubUITests.swift */ = {isa = PBXFileReference; lastKnownFileType = sourcecode.swift; path = gethubUITests.swift; sourceTree = "<group>"; };
		2743515C28884477000057CF /* gethubUITestsLaunchTests.swift */ = {isa = PBXFileReference; lastKnownFileType = sourcecode.swift; path = gethubUITestsLaunchTests.swift; sourceTree = "<group>"; };
/* End PBXFileReference section */

/* Begin PBXFrameworksBuildPhase section */
		2743513028884474000057CF /* Frameworks */ = {
			isa = PBXFrameworksBuildPhase;
			buildActionMask = 2147483647;
			files = (
			);
			runOnlyForDeploymentPostprocessing = 0;
		};
		2743514928884477000057CF /* Frameworks */ = {
			isa = PBXFrameworksBuildPhase;
			buildActionMask = 2147483647;
			files = (
			);
			runOnlyForDeploymentPostprocessing = 0;
		};
		2743515328884477000057CF /* Frameworks */ = {
			isa = PBXFrameworksBuildPhase;
			buildActionMask = 2147483647;
			files = (
			);
			runOnlyForDeploymentPostprocessing = 0;
		};
/* End PBXFrameworksBuildPhase section */

/* Begin PBXGroup section */
		2743512A28884474000057CF = {
			isa = PBXGroup;
			children = (
				2743513528884474000057CF /* gethub */,
				2743514F28884477000057CF /* gethubTests */,
				2743515928884477000057CF /* gethubUITests */,
				2743513428884474000057CF /* Products */,
			);
			sourceTree = "<group>";
		};
		2743513428884474000057CF /* Products */ = {
			isa = PBXGroup;
			children = (
				2743513328884474000057CF /* gethub.app */,
				2743514C28884477000057CF /* gethubTests.xctest */,
				2743515628884477000057CF /* gethubUITests.xctest */,
			);
			name = Products;
			sourceTree = "<group>";
		};
		2743513528884474000057CF /* gethub */ = {
			isa = PBXGroup;
			children = (
				2743513628884474000057CF /* AppDelegate.swift */,
				2743513828884474000057CF /* SceneDelegate.swift */,
				2743513A28884474000057CF /* ViewController.swift */,
				2743513C28884474000057CF /* Main.storyboard */,
				2743514228884477000057CF /* Assets.xcassets */,
				2743514428884477000057CF /* LaunchScreen.storyboard */,
				2743514728884477000057CF /* Info.plist */,
				2743513F28884474000057CF /* gethub.xcdatamodeld */,
			);
			path = gethub;
			sourceTree = "<group>";
		};
		2743514F28884477000057CF /* gethubTests */ = {
			isa = PBXGroup;
			children = (
				2743515028884477000057CF /* gethubTests.swift */,
			);
			path = gethubTests;
			sourceTree = "<group>";
		};
		2743515928884477000057CF /* gethubUITests */ = {
			isa = PBXGroup;
			children = (
				2743515A28884477000057CF /* gethubUITests.swift */,
				2743515C28884477000057CF /* gethubUITestsLaunchTests.swift */,
			);
			path = gethubUITests;
			sourceTree = "<group>";
		};
/* End PBXGroup section */

/* Begin PBXNativeTarget section */
		2743513228884474000057CF /* gethub */ = {
			isa = PBXNativeTarget;
			buildConfigurationList = 2743516028884477000057CF /* Build configuration list for PBXNativeTarget "gethub" */;
			buildPhases = (
				2743512F28884474000057CF /* Sources */,
				2743513028884474000057CF /* Frameworks */,
				2743513128884474000057CF /* Resources */,
			);
			buildRules = (
			);
			dependencies = (
			);
			name = gethub;
			productName = gethub;
			productReference = 2743513328884474000057CF /* gethub.app */;
			productType = "com.apple.product-type.application";
		};
		2743514B28884477000057CF /* gethubTests */ = {
			isa = PBXNativeTarget;
			buildConfigurationList = 2743516328884477000057CF /* Build configuration list for PBXNativeTarget "gethubTests" */;
			buildPhases = (
				2743514828884477000057CF /* Sources */,
				2743514928884477000057CF /* Frameworks */,
				2743514A28884477000057CF /* Resources */,
			);
			buildRules = (
			);
			dependencies = (
				2743514E28884477000057CF /* PBXTargetDependency */,
			);
			name = gethubTests;
			productName = gethubTests;
			productReference = 2743514C28884477000057CF /* gethubTests.xctest */;
			productType = "com.apple.product-type.bundle.unit-test";
		};
		2743515528884477000057CF /* gethubUITests */ = {
			isa = PBXNativeTarget;
			buildConfigurationList = 2743516628884477000057CF /* Build configuration list for PBXNativeTarget "gethubUITests" */;
			buildPhases = (
				2743515228884477000057CF /* Sources */,
				2743515328884477000057CF /* Frameworks */,
				2743515428884477000057CF /* Resources */,
			);
			buildRules = (
			);
			dependencies = (
				2743515828884477000057CF /* PBXTargetDependency */,
			);
			name = gethubUITests;
			productName = gethubUITests;
			productReference = 2743515628884477000057CF /* gethubUITests.xctest */;
			productType = "com.apple.product-type.bundle.ui-testing";
		};
/* End PBXNativeTarget section */

/* Begin PBXProject section */
		2743512B28884474000057CF /* Project object */ = {
			isa = PBXProject;
			attributes = {
				BuildIndependentTargetsInParallel = 1;
				LastSwiftUpdateCheck = 1340;
				LastUpgradeCheck = 1340;
				TargetAttributes = {
					2743513228884474000057CF = {
						CreatedOnToolsVersion = 13.4.1;
					};
					2743514B28884477000057CF = {
						CreatedOnToolsVersion = 13.4.1;
						TestTargetID = 2743513228884474000057CF;
					};
					2743515528884477000057CF = {
						CreatedOnToolsVersion = 13.4.1;
						TestTargetID = 2743513228884474000057CF;
					};
				};
			};
			buildConfigurationList = 2743512E28884474000057CF /* Build configuration list for PBXProject "gethub" */;
			compatibilityVersion = "Xcode 13.0";
			developmentRegion = en;
			hasScannedForEncodings = 0;
			knownRegions = (
				en,
				Base,
			);
			mainGroup = 2743512A28884474000057CF;
			productRefGroup = 2743513428884474000057CF /* Products */;
			projectDirPath = "";
			projectRoot = "";
			targets = (
				2743513228884474000057CF /* gethub */,
				2743514B28884477000057CF /* gethubTests */,
				2743515528884477000057CF /* gethubUITests */,
			);
		};
/* End PBXProject section */

/* Begin PBXResourcesBuildPhase section */
		2743513128884474000057CF /* Resources */ = {
			isa = PBXResourcesBuildPhase;
			buildActionMask = 2147483647;
			files = (
				2743514628884477000057CF /* LaunchScreen.storyboard in Resources */,
				2743514328884477000057CF /* Assets.xcassets in Resources */,
				2743513E28884474000057CF /* Main.storyboard in Resources */,
			);
			runOnlyForDeploymentPostprocessing = 0;
		};
		2743514A28884477000057CF /* Resources */ = {
			isa = PBXResourcesBuildPhase;
			buildActionMask = 2147483647;
			files = (
			);
			runOnlyForDeploymentPostprocessing = 0;
		};
		2743515428884477000057CF /* Resources */ = {
			isa = PBXResourcesBuildPhase;
			buildActionMask = 2147483647;
			files = (
			);
			runOnlyForDeploymentPostprocessing = 0;
		};
/* End PBXResourcesBuildPhase section */

/* Begin PBXSourcesBuildPhase section */
		2743512F28884474000057CF /* Sources */ = {
			isa = PBXSourcesBuildPhase;
			buildActionMask = 2147483647;
			files = (
				2743513B28884474000057CF /* ViewController.swift in Sources */,
				2743513728884474000057CF /* AppDelegate.swift in Sources */,
				2743514128884474000057CF /* gethub.xcdatamodeld in Sources */,
				2743513928884474000057CF /* SceneDelegate.swift in Sources */,
			);
			runOnlyForDeploymentPostprocessing = 0;
		};
		2743514828884477000057CF /* Sources */ = {
			isa = PBXSourcesBuildPhase;
			buildActionMask = 2147483647;
			files = (
				2743515128884477000057CF /* gethubTests.swift in Sources */,
			);
			runOnlyForDeploymentPostprocessing = 0;
		};
		2743515228884477000057CF /* Sources */ = {
			isa = PBXSourcesBuildPhase;
			buildActionMask = 2147483647;
			files = (
				2743515B28884477000057CF /* gethubUITests.swift in Sources */,
				2743515D28884477000057CF /* gethubUITestsLaunchTests.swift in Sources */,
			);
			runOnlyForDeploymentPostprocessing = 0;
		};
/* End PBXSourcesBuildPhase section */

/* Begin PBXTargetDependency section */
		2743514E28884477000057CF /* PBXTargetDependency */ = {
			isa = PBXTargetDependency;
			target = 2743513228884474000057CF /* gethub */;
			targetProxy = 2743514D28884477000057CF /* PBXContainerItemProxy */;
		};
		2743515828884477000057CF /* PBXTargetDependency */ = {
			isa = PBXTargetDependency;
			target = 2743513228884474000057CF /* gethub */;
			targetProxy = 2743515728884477000057CF /* PBXContainerItemProxy */;
		};
/* End PBXTargetDependency section */

/* Begin PBXVariantGroup section */
		2743513C28884474000057CF /* Main.storyboard */ = {
			isa = PBXVariantGroup;
			children = (
				2743513D28884474000057CF /* Base */,
			);
			name = Main.storyboard;
			sourceTree = "<group>";
		};
		2743514428884477000057CF /* LaunchScreen.storyboard */ = {
			isa = PBXVariantGroup;
			children = (
				2743514528884477000057CF /* Base */,
			);
			name = LaunchScreen.storyboard;
			sourceTree = "<group>";
		};
/* End PBXVariantGroup section */

/* Begin XCBuildConfiguration section */
		2743515E28884477000057CF /* Debug */ = {
			isa = XCBuildConfiguration;
			buildSettings = {
				ALWAYS_SEARCH_USER_PATHS = NO;
				CLANG_ANALYZER_NONNULL = YES;
				CLANG_ANALYZER_NUMBER_OBJECT_CONVERSION = YES_AGGRESSIVE;
				CLANG_CXX_LANGUAGE_STANDARD = "gnu++17";
				CLANG_ENABLE_MODULES = YES;
				CLANG_ENABLE_OBJC_ARC = YES;
				CLANG_ENABLE_OBJC_WEAK = YES;
				CLANG_WARN_BLOCK_CAPTURE_AUTORELEASING = YES;
				CLANG_WARN_BOOL_CONVERSION = YES;
				CLANG_WARN_COMMA = YES;
				CLANG_WARN_CONSTANT_CONVERSION = YES;
				CLANG_WARN_DEPRECATED_OBJC_IMPLEMENTATIONS = YES;
				CLANG_WARN_DIRECT_OBJC_ISA_USAGE = YES_ERROR;
				CLANG_WARN_DOCUMENTATION_COMMENTS = YES;
				CLANG_WARN_EMPTY_BODY = YES;
				CLANG_WARN_ENUM_CONVERSION = YES;
				CLANG_WARN_INFINITE_RECURSION = YES;
				CLANG_WARN_INT_CONVERSION = YES;
				CLANG_WARN_NON_LITERAL_NULL_CONVERSION = YES;
				CLANG_WARN_OBJC_IMPLICIT_RETAIN_SELF = YES;
				CLANG_WARN_OBJC_LITERAL_CONVERSION = YES;
				CLANG_WARN_OBJC_ROOT_CLASS = YES_ERROR;
				CLANG_WARN_QUOTED_INCLUDE_IN_FRAMEWORK_HEADER = YES;
				CLANG_WARN_RANGE_LOOP_ANALYSIS = YES;
				CLANG_WARN_STRICT_PROTOTYPES = YES;
				CLANG_WARN_SUSPICIOUS_MOVE = YES;
				CLANG_WARN_UNGUARDED_AVAILABILITY = YES_AGGRESSIVE;
				CLANG_WARN_UNREACHABLE_CODE = YES;
				CLANG_WARN__DUPLICATE_METHOD_MATCH = YES;
				COPY_PHASE_STRIP = NO;
				DEBUG_INFORMATION_FORMAT = dwarf;
				ENABLE_STRICT_OBJC_MSGSEND = YES;
				ENABLE_TESTABILITY = YES;
				GCC_C_LANGUAGE_STANDARD = gnu11;
				GCC_DYNAMIC_NO_PIC = NO;
				GCC_NO_COMMON_BLOCKS = YES;
				GCC_OPTIMIZATION_LEVEL = 0;
				GCC_PREPROCESSOR_DEFINITIONS = (
					"DEBUG=1",
					"$(inherited)",
				);
				GCC_WARN_64_TO_32_BIT_CONVERSION = YES;
				GCC_WARN_ABOUT_RETURN_TYPE = YES_ERROR;
				GCC_WARN_UNDECLARED_SELECTOR = YES;
				GCC_WARN_UNINITIALIZED_AUTOS = YES_AGGRESSIVE;
				GCC_WARN_UNUSED_FUNCTION = YES;
				GCC_WARN_UNUSED_VARIABLE = YES;
				IPHONEOS_DEPLOYMENT_TARGET = 15.5;
				MTL_ENABLE_DEBUG_INFO = INCLUDE_SOURCE;
				MTL_FAST_MATH = YES;
				ONLY_ACTIVE_ARCH = YES;
				SDKROOT = iphoneos;
				SWIFT_ACTIVE_COMPILATION_CONDITIONS = DEBUG;
				SWIFT_OPTIMIZATION_LEVEL = "-Onone";
			};
			name = Debug;
		};
		2743515F28884477000057CF /* Release */ = {
			isa = XCBuildConfiguration;
			buildSettings = {
				ALWAYS_SEARCH_USER_PATHS = NO;
				CLANG_ANALYZER_NONNULL = YES;
				CLANG_ANALYZER_NUMBER_OBJECT_CONVERSION = YES_AGGRESSIVE;
				CLANG_CXX_LANGUAGE_STANDARD = "gnu++17";
				CLANG_ENABLE_MODULES = YES;
				CLANG_ENABLE_OBJC_ARC = YES;
				CLANG_ENABLE_OBJC_WEAK = YES;
				CLANG_WARN_BLOCK_CAPTURE_AUTORELEASING = YES;
				CLANG_WARN_BOOL_CONVERSION = YES;
				CLANG_WARN_COMMA = YES;
				CLANG_WARN_CONSTANT_CONVERSION = YES;
				CLANG_WARN_DEPRECATED_OBJC_IMPLEMENTATIONS = YES;
				CLANG_WARN_DIRECT_OBJC_ISA_USAGE = YES_ERROR;
				CLANG_WARN_DOCUMENTATION_COMMENTS = YES;
				CLANG_WARN_EMPTY_BODY = YES;
				CLANG_WARN_ENUM_CONVERSION = YES;
				CLANG_WARN_INFINITE_RECURSION = YES;
				CLANG_WARN_INT_CONVERSION = YES;
				CLANG_WARN_NON_LITERAL_NULL_CONVERSION = YES;
				CLANG_WARN_OBJC_IMPLICIT_RETAIN_SELF = YES;
				CLANG_WARN_OBJC_LITERAL_CONVERSION = YES;
				CLANG_WARN_OBJC_ROOT_CLASS = YES_ERROR;
				CLANG_WARN_QUOTED_INCLUDE_IN_FRAMEWORK_HEADER = YES;
				CLANG_WARN_RANGE_LOOP_ANALYSIS = YES;
				CLANG_WARN_STRICT_PROTOTYPES = YES;
				CLANG_WARN_SUSPICIOUS_MOVE = YES;
				CLANG_WARN_UNGUARDED_AVAILABILITY = YES_AGGRESSIVE;
				CLANG_WARN_UNREACHABLE_CODE = YES;
				CLANG_WARN__DUPLICATE_METHOD_MATCH = YES;
				COPY_PHASE_STRIP = NO;
				DEBUG_INFORMATION_FORMAT = "dwarf-with-dsym";
				ENABLE_NS_ASSERTIONS = NO;
				ENABLE_STRICT_OBJC_MSGSEND = YES;
				GCC_C_LANGUAGE_STANDARD = gnu11;
				GCC_NO_COMMON_BLOCKS = YES;
				GCC_WARN_64_TO_32_BIT_CONVERSION = YES;
				GCC_WARN_ABOUT_RETURN_TYPE = YES_ERROR;
				GCC_WARN_UNDECLARED_SELECTOR = YES;
				GCC_WARN_UNINITIALIZED_AUTOS = YES_AGGRESSIVE;
				GCC_WARN_UNUSED_FUNCTION = YES;
				GCC_WARN_UNUSED_VARIABLE = YES;
				IPHONEOS_DEPLOYMENT_TARGET = 15.5;
				MTL_ENABLE_DEBUG_INFO = NO;
				MTL_FAST_MATH = YES;
				SDKROOT = iphoneos;
				SWIFT_COMPILATION_MODE = wholemodule;
				SWIFT_OPTIMIZATION_LEVEL = "-O";
				VALIDATE_PRODUCT = YES;
			};
			name = Release;
		};
		2743516128884477000057CF /* Debug */ = {
			isa = XCBuildConfiguration;
			buildSettings = {
				ASSETCATALOG_COMPILER_APPICON_NAME = AppIcon;
				ASSETCATALOG_COMPILER_GLOBAL_ACCENT_COLOR_NAME = AccentColor;
				CODE_SIGN_STYLE = Automatic;
				CURRENT_PROJECT_VERSION = 1;
				GENERATE_INFOPLIST_FILE = YES;
				INFOPLIST_FILE = gethub/Info.plist;
				INFOPLIST_KEY_UIApplicationSupportsIndirectInputEvents = YES;
				INFOPLIST_KEY_UILaunchStoryboardName = LaunchScreen;
				INFOPLIST_KEY_UIMainStoryboardFile = Main;
				INFOPLIST_KEY_UISupportedInterfaceOrientations_iPad = "UIInterfaceOrientationPortrait UIInterfaceOrientationPortraitUpsideDown UIInterfaceOrientationLandscapeLeft UIInterfaceOrientationLandscapeRight";
				INFOPLIST_KEY_UISupportedInterfaceOrientations_iPhone = "UIInterfaceOrientationPortrait UIInterfaceOrientationLandscapeLeft UIInterfaceOrientationLandscapeRight";
				LD_RUNPATH_SEARCH_PATHS = (
					"$(inherited)",
					"@executable_path/Frameworks",
				);
				MARKETING_VERSION = 1.0;
				PRODUCT_BUNDLE_IDENTIFIER = com.example.kwk.gethub;
				PRODUCT_NAME = "$(TARGET_NAME)";
				SWIFT_EMIT_LOC_STRINGS = YES;
				SWIFT_VERSION = 5.0;
				TARGETED_DEVICE_FAMILY = "1,2";
			};
			name = Debug;
		};
		2743516228884477000057CF /* Release */ = {
			isa = XCBuildConfiguration;
			buildSettings = {
				ASSETCATALOG_COMPILER_APPICON_NAME = AppIcon;
				ASSETCATALOG_COMPILER_GLOBAL_ACCENT_COLOR_NAME = AccentColor;
				CODE_SIGN_STYLE = Automatic;
				CURRENT_PROJECT_VERSION = 1;
				GENERATE_INFOPLIST_FILE = YES;
				INFOPLIST_FILE = gethub/Info.plist;
				INFOPLIST_KEY_UIApplicationSupportsIndirectInputEvents = YES;
				INFOPLIST_KEY_UILaunchStoryboardName = LaunchScreen;
				INFOPLIST_KEY_UIMainStoryboardFile = Main;
				INFOPLIST_KEY_UISupportedInterfaceOrientations_iPad = "UIInterfaceOrientationPortrait UIInterfaceOrientationPortraitUpsideDown UIInterfaceOrientationLandscapeLeft UIInterfaceOrientationLandscapeRight";
				INFOPLIST_KEY_UISupportedInterfaceOrientations_iPhone = "UIInterfaceOrientationPortrait UIInterfaceOrientationLandscapeLeft UIInterfaceOrientationLandscapeRight";
				LD_RUNPATH_SEARCH_PATHS = (
					"$(inherited)",
					"@executable_path/Frameworks",
				);
				MARKETING_VERSION = 1.0;
				PRODUCT_BUNDLE_IDENTIFIER = com.example.kwk.gethub;
				PRODUCT_NAME = "$(TARGET_NAME)";
				SWIFT_EMIT_LOC_STRINGS = YES;
				SWIFT_VERSION = 5.0;
				TARGETED_DEVICE_FAMILY = "1,2";
			};
			name = Release;
		};
		2743516428884477000057CF /* Debug */ = {
			isa = XCBuildConfiguration;
			buildSettings = {
				ALWAYS_EMBED_SWIFT_STANDARD_LIBRARIES = YES;
				BUNDLE_LOADER = "$(TEST_HOST)";
				CODE_SIGN_STYLE = Automatic;
				CURRENT_PROJECT_VERSION = 1;
				GENERATE_INFOPLIST_FILE = YES;
				IPHONEOS_DEPLOYMENT_TARGET = 15.5;
				MARKETING_VERSION = 1.0;
				PRODUCT_BUNDLE_IDENTIFIER = com.example.kwk.gethubTests;
				PRODUCT_NAME = "$(TARGET_NAME)";
				SWIFT_EMIT_LOC_STRINGS = NO;
				SWIFT_VERSION = 5.0;
				TARGETED_DEVICE_FAMILY = "1,2";
				TEST_HOST = "$(BUILT_PRODUCTS_DIR)/gethub.app/gethub";
			};
			name = Debug;
		};
		2743516528884477000057CF /* Release */ = {
			isa = XCBuildConfiguration;
			buildSettings = {
				ALWAYS_EMBED_SWIFT_STANDARD_LIBRARIES = YES;
				BUNDLE_LOADER = "$(TEST_HOST)";
				CODE_SIGN_STYLE = Automatic;
				CURRENT_PROJECT_VERSION = 1;
				GENERATE_INFOPLIST_FILE = YES;
				IPHONEOS_DEPLOYMENT_TARGET = 15.5;
				MARKETING_VERSION = 1.0;
				PRODUCT_BUNDLE_IDENTIFIER = com.example.kwk.gethubTests;
				PRODUCT_NAME = "$(TARGET_NAME)";
				SWIFT_EMIT_LOC_STRINGS = NO;
				SWIFT_VERSION = 5.0;
				TARGETED_DEVICE_FAMILY = "1,2";
				TEST_HOST = "$(BUILT_PRODUCTS_DIR)/gethub.app/gethub";
			};
			name = Release;
		};
		2743516728884477000057CF /* Debug */ = {
			isa = XCBuildConfiguration;
			buildSettings = {
				ALWAYS_EMBED_SWIFT_STANDARD_LIBRARIES = YES;
				CODE_SIGN_STYLE = Automatic;
				CURRENT_PROJECT_VERSION = 1;
				GENERATE_INFOPLIST_FILE = YES;
				MARKETING_VERSION = 1.0;
				PRODUCT_BUNDLE_IDENTIFIER = com.example.kwk.gethubUITests;
				PRODUCT_NAME = "$(TARGET_NAME)";
				SWIFT_EMIT_LOC_STRINGS = NO;
				SWIFT_VERSION = 5.0;
				TARGETED_DEVICE_FAMILY = "1,2";
				TEST_TARGET_NAME = gethub;
			};
			name = Debug;
		};
		2743516828884477000057CF /* Release */ = {
			isa = XCBuildConfiguration;
			buildSettings = {
				ALWAYS_EMBED_SWIFT_STANDARD_LIBRARIES = YES;
				CODE_SIGN_STYLE = Automatic;
				CURRENT_PROJECT_VERSION = 1;
				GENERATE_INFOPLIST_FILE = YES;
				MARKETING_VERSION = 1.0;
				PRODUCT_BUNDLE_IDENTIFIER = com.example.kwk.gethubUITests;
				PRODUCT_NAME = "$(TARGET_NAME)";
				SWIFT_EMIT_LOC_STRINGS = NO;
				SWIFT_VERSION = 5.0;
				TARGETED_DEVICE_FAMILY = "1,2";
				TEST_TARGET_NAME = gethub;
			};
			name = Release;
		};
/* End XCBuildConfiguration section */

/* Begin XCConfigurationList section */
		2743512E28884474000057CF /* Build configuration list for PBXProject "gethub" */ = {
			isa = XCConfigurationList;
			buildConfigurations = (
				2743515E28884477000057CF /* Debug */,
				2743515F28884477000057CF /* Release */,
			);
			defaultConfigurationIsVisible = 0;
			defaultConfigurationName = Release;
		};
		2743516028884477000057CF /* Build configuration list for PBXNativeTarget "gethub" */ = {
			isa = XCConfigurationList;
			buildConfigurations = (
				2743516128884477000057CF /* Debug */,
				2743516228884477000057CF /* Release */,
			);
			defaultConfigurationIsVisible = 0;
			defaultConfigurationName = Release;
		};
		2743516328884477000057CF /* Build configuration list for PBXNativeTarget "gethubTests" */ = {
			isa = XCConfigurationList;
			buildConfigurations = (
				2743516428884477000057CF /* Debug */,
				2743516528884477000057CF /* Release */,
			);
			defaultConfigurationIsVisible = 0;
			defaultConfigurationName = Release;
		};
		2743516628884477000057CF /* Build configuration list for PBXNativeTarget "gethubUITests" */ = {
			isa = XCConfigurationList;
			buildConfigurations = (
				2743516728884477000057CF /* Debug */,
				2743516828884477000057CF /* Release */,
			);
			defaultConfigurationIsVisible = 0;
			defaultConfigurationName = Release;
		};
/* End XCConfigurationList section */

/* Begin XCVersionGroup section */
		2743513F28884474000057CF /* gethub.xcdatamodeld */ = {
			isa = XCVersionGroup;
			children = (
				2743514028884474000057CF /* gethub.xcdatamodel */,
			);
			currentVersion = 2743514028884474000057CF /* gethub.xcdatamodel */;
			path = gethub.xcdatamodeld;
			sourceTree = "<group>";
			versionGroupType = wrapper.xcdatamodel;
		};
/* End XCVersionGroup section */
	};
	rootObject = 2743512B28884474000057CF /* Project object */;
}
